// !$*UTF8*$!
{
	archiveVersion = 1;
	classes = {
	};
	objectVersion = 54;
	objects = {

/* Begin PBXBuildFile section */
		"201B5D3B-50E8-4E42-B9CD-03301630C2E6" /* ofxSyphonClient.mm in Sources */ = {isa = PBXBuildFile; fileRef = "4A1367CB-EF72-42D6-A72D-D0BB8E97D0EC" /* ofxSyphonClient.mm */; };
		"3754C2D9-BB54-4B38-B261-77DC70FF69ED" /* ofxSyphonServer.mm in Sources */ = {isa = PBXBuildFile; fileRef = "8417268D-C58B-4E42-A807-04AB66E7D015" /* ofxSyphonServer.mm */; };
		"41695530-BDCE-4A76-ADBC-E8089E355164" /* ofxSyphonNSObject.mm in Sources */ = {isa = PBXBuildFile; fileRef = "CAF28EF8-BA49-4526-93A0-791ED51DD2DB" /* ofxSyphonNSObject.mm */; };
		"5789DA6C-DB92-4437-8210-446914C87EA2" /* NetworkingUtils.cpp in Sources */ = {isa = PBXBuildFile; fileRef = "0DBA92CB-9AA7-4DE0-BAFD-8C3BA51330CC" /* NetworkingUtils.cpp */; };
		"57F86406-36C9-403D-ACAD-0EDBA8574C02" /* SyphonNameboundClient.m in Sources */ = {isa = PBXBuildFile; fileRef = "B9836D22-DD73-4A70-8237-B2C8E180DA2A" /* SyphonNameboundClient.m */; };
		"65A18608-A328-41B7-B3F5-32E7E10D803B" /* OscTypes.cpp in Sources */ = {isa = PBXBuildFile; fileRef = "4D80CB30-4B0D-4791-AAB2-5606BFDC7F7B" /* OscTypes.cpp */; };
		"681378FA-7619-44D9-BE53-11C2AF58F514" /* OscPrintReceivedElements.cpp in Sources */ = {isa = PBXBuildFile; fileRef = "E7E11B70-A54F-4D30-ADA0-2DBBC7E836AE" /* OscPrintReceivedElements.cpp */; };
		"6A978B6E-977A-4C05-84EF-2CE97A1CC84C" /* ofxSyphonServerDirectory.mm in Sources */ = {isa = PBXBuildFile; fileRef = "5A1AED3A-C4A9-40EC-A56E-A65B11D1DAB3" /* ofxSyphonServerDirectory.mm */; };
		"7267BF3D-330D-439F-852F-F3FDE3EA4946" /* ofxOscReceiver.cpp in Sources */ = {isa = PBXBuildFile; fileRef = "309217CB-9565-4C07-ABB9-21D4C38D3B10" /* ofxOscReceiver.cpp */; };
		"7EDAC918-AE03-4CE9-AE72-2D96AE011023" /* ofxWebServer.cpp in Sources */ = {isa = PBXBuildFile; fileRef = "873C4E7F-6EE0-4C65-AD3C-4CA9757D7D47" /* ofxWebServer.cpp */; };
		"82E21F44-955D-4967-AAA2-27F69114EC1E" /* Syphon.framework in Frameworks */ = {isa = PBXBuildFile; fileRef = "629B93BF-9E56-4479-AFB1-811514DA252F" /* Syphon.framework */; };
		"8E7DAA90-6050-49DA-BE8E-CCED36940807" /* ofxOscParameterSync.cpp in Sources */ = {isa = PBXBuildFile; fileRef = "52C0682C-0B24-41EC-BB61-BFCD4AF4EC5F" /* ofxOscParameterSync.cpp */; };
		"A7C73682-46E3-4ED9-9061-B7FF6AD617FF" /* mongoose.c in Sources */ = {isa = PBXBuildFile; fileRef = "004C3EF0-3A4C-4F00-82C5-34F8114AB79D" /* mongoose.c */; };
		"AD2032EA-E4B9-46EC-80D1-7F6D5875D88A" /* IpEndpointName.cpp in Sources */ = {isa = PBXBuildFile; fileRef = "B4844FB3-6148-4684-ABFA-FA425B27B941" /* IpEndpointName.cpp */; };
		"AEBDAC88-D778-4EB0-9F1F-A3E57A7C7531" /* Syphon.framework in CopyFiles */ = {isa = PBXBuildFile; fileRef = "629B93BF-9E56-4479-AFB1-811514DA252F" /* Syphon.framework */; settings = {ATTRIBUTES = (CodeSignOnCopy, ); }; };
		"B7A7181C-1A94-43D8-873E-A9A28C880967" /* ofxWSRequestHandler.cpp in Sources */ = {isa = PBXBuildFile; fileRef = "BDEB5059-A7B7-4F86-B6AB-A7C100A02812" /* ofxWSRequestHandler.cpp */; };
		"CEE8AAA2-DDE0-4095-8FDC-FDB639633302" /* OscReceivedElements.cpp in Sources */ = {isa = PBXBuildFile; fileRef = "9C16A83F-4BF3-42D6-BEEF-E44B2C0AD57A" /* OscReceivedElements.cpp */; };
		"DE93F099-EC61-4B10-AB0A-318DEFB58F77" /* ofxOscMessage.cpp in Sources */ = {isa = PBXBuildFile; fileRef = "74E92AF4-473D-41BF-A41D-92178F9EA25D" /* ofxOscMessage.cpp */; };
		E4B69E200A3A1BDC003C02F2 /* main.cpp in Sources */ = {isa = PBXBuildFile; fileRef = E4B69E1D0A3A1BDC003C02F2 /* main.cpp */; };
		"E873606B-796A-48A6-B2C8-C2DD99E66848" /* UdpSocket.cpp in Sources */ = {isa = PBXBuildFile; fileRef = "DCFBDC53-1589-4FBD-BAF7-B485C0FADD2C" /* UdpSocket.cpp */; };
		"F48F4716-0613-4887-A99C-D278701CC556" /* ofxOscSender.cpp in Sources */ = {isa = PBXBuildFile; fileRef = "2E28B245-3AAA-47C5-9E51-25CF5A6BEC91" /* ofxOscSender.cpp */; };
		"F63C8D21-82A2-4884-A8A4-5FCD1E296B96" /* OscOutboundPacketStream.cpp in Sources */ = {isa = PBXBuildFile; fileRef = "FF6AA6DD-D2B9-4F35-8B2C-26956C5BF02D" /* OscOutboundPacketStream.cpp */; };
		"F6796EEB-2403-41AE-A04B-FE53E561A756" /* ofxOscBundle.cpp in Sources */ = {isa = PBXBuildFile; fileRef = "5BA44803-F4D4-4E49-AD5A-70BD74B5C4AE" /* ofxOscBundle.cpp */; };
/* End PBXBuildFile section */

/* Begin PBXCopyFilesBuildPhase section */
		E4A5B60F29BAAAE400C2D356 /* CopyFiles */ = {
			isa = PBXCopyFilesBuildPhase;
			buildActionMask = 2147483647;
			dstPath = "";
			dstSubfolderSpec = 6;
			files = (
			);
			runOnlyForDeploymentPostprocessing = 0;
		};
		E4C2427710CC5ABF004149E2 /* CopyFiles */ = {
			isa = PBXCopyFilesBuildPhase;
			buildActionMask = 2147483647;
			dstPath = "";
			dstSubfolderSpec = 10;
			files = (
				"AEBDAC88-D778-4EB0-9F1F-A3E57A7C7531" /* Syphon.framework in CopyFiles */,
			);
			runOnlyForDeploymentPostprocessing = 0;
		};
/* End PBXCopyFilesBuildPhase section */

/* Begin PBXFileReference section */
		"004C3EF0-3A4C-4F00-82C5-34F8114AB79D" /* mongoose.c */ = {isa = PBXFileReference; explicitFileType = sourcecode.c.c; fileEncoding = 4; name = mongoose.c; path = ../../../addons/ofxWebServer/libs/mongoose.c; sourceTree = SOURCE_ROOT; };
		"0DBA92CB-9AA7-4DE0-BAFD-8C3BA51330CC" /* NetworkingUtils.cpp */ = {isa = PBXFileReference; explicitFileType = sourcecode.cpp.cpp; fileEncoding = 4; name = NetworkingUtils.cpp; path = ../../../addons/ofxOsc/libs/oscpack/src/ip/posix/NetworkingUtils.cpp; sourceTree = SOURCE_ROOT; };
		"15DD1077-569E-4F0B-A4E9-3E5569B96B7D" /* IpEndpointName.h */ = {isa = PBXFileReference; explicitFileType = sourcecode.c.h; fileEncoding = 4; name = IpEndpointName.h; path = ../../../addons/ofxOsc/libs/oscpack/src/ip/IpEndpointName.h; sourceTree = SOURCE_ROOT; };
		"16879EF4-01A9-4281-9A42-B359FFD4EAD2" /* OscOutboundPacketStream.h */ = {isa = PBXFileReference; explicitFileType = sourcecode.c.h; fileEncoding = 4; name = OscOutboundPacketStream.h; path = ../../../addons/ofxOsc/libs/oscpack/src/osc/OscOutboundPacketStream.h; sourceTree = SOURCE_ROOT; };
		191CD6FA2847E21E0085CBB6 /* of.entitlements */ = {isa = PBXFileReference; fileEncoding = 4; lastKnownFileType = text.plist.entitlements; path = of.entitlements; sourceTree = "<group>"; };
		191EF70929D778A400F35F26 /* openFrameworks */ = {isa = PBXFileReference; lastKnownFileType = folder; name = openFrameworks; path = ../../../libs/openFrameworks; sourceTree = SOURCE_ROOT; };
		271F30092C155A0100D86058 /* ofAutoShader.h */ = {isa = PBXFileReference; fileEncoding = 4; lastKnownFileType = sourcecode.c.h; name = ofAutoShader.h; path = ../../SharedCode/ofAutoShader.h; sourceTree = "<group>"; };
		271F300A2C155A0100D86058 /* ofAutoImage.h */ = {isa = PBXFileReference; fileEncoding = 4; lastKnownFileType = sourcecode.c.h; name = ofAutoImage.h; path = ../../SharedCode/ofAutoImage.h; sourceTree = "<group>"; };
		"2E28B245-3AAA-47C5-9E51-25CF5A6BEC91" /* ofxOscSender.cpp */ = {isa = PBXFileReference; explicitFileType = sourcecode.cpp.cpp; fileEncoding = 4; name = ofxOscSender.cpp; path = ../../../addons/ofxOsc/src/ofxOscSender.cpp; sourceTree = SOURCE_ROOT; };
		"309217CB-9565-4C07-ABB9-21D4C38D3B10" /* ofxOscReceiver.cpp */ = {isa = PBXFileReference; explicitFileType = sourcecode.cpp.cpp; fileEncoding = 4; name = ofxOscReceiver.cpp; path = ../../../addons/ofxOsc/src/ofxOscReceiver.cpp; sourceTree = SOURCE_ROOT; };
		"312EF02E-42DA-481F-A1C0-E5A7F2F1C36E" /* ofxSyphon.h */ = {isa = PBXFileReference; explicitFileType = sourcecode.c.h; fileEncoding = 4; name = ofxSyphon.h; path = ../../../addons/ofxSyphon/src/ofxSyphon.h; sourceTree = SOURCE_ROOT; };
		"31A932B4-98E7-4AAA-9BBB-6F1B3EBB7AEA" /* ofxOscReceiver.h */ = {isa = PBXFileReference; explicitFileType = sourcecode.c.h; fileEncoding = 4; name = ofxOscReceiver.h; path = ../../../addons/ofxOsc/src/ofxOscReceiver.h; sourceTree = SOURCE_ROOT; };
		"42500AE9-7E2F-44E2-AC93-75AFFC67AED7" /* ofxOscArg.h */ = {isa = PBXFileReference; explicitFileType = sourcecode.c.h; fileEncoding = 4; name = ofxOscArg.h; path = ../../../addons/ofxOsc/src/ofxOscArg.h; sourceTree = SOURCE_ROOT; };
		"45CFE1F6-85FF-4497-9446-1E9DBBA45FCE" /* ofxOscParameterSync.h */ = {isa = PBXFileReference; explicitFileType = sourcecode.c.h; fileEncoding = 4; name = ofxOscParameterSync.h; path = ../../../addons/ofxOsc/src/ofxOscParameterSync.h; sourceTree = SOURCE_ROOT; };
		"4A1367CB-EF72-42D6-A72D-D0BB8E97D0EC" /* ofxSyphonClient.mm */ = {isa = PBXFileReference; explicitFileType = sourcecode.cpp.objcpp; fileEncoding = 4; name = ofxSyphonClient.mm; path = ../../../addons/ofxSyphon/src/ofxSyphonClient.mm; sourceTree = SOURCE_ROOT; };
		"4BAA96EF-6FC4-4479-B008-00291266FE69" /* OscHostEndianness.h */ = {isa = PBXFileReference; explicitFileType = sourcecode.c.h; fileEncoding = 4; name = OscHostEndianness.h; path = ../../../addons/ofxOsc/libs/oscpack/src/osc/OscHostEndianness.h; sourceTree = SOURCE_ROOT; };
		"4D80CB30-4B0D-4791-AAB2-5606BFDC7F7B" /* OscTypes.cpp */ = {isa = PBXFileReference; explicitFileType = sourcecode.cpp.cpp; fileEncoding = 4; name = OscTypes.cpp; path = ../../../addons/ofxOsc/libs/oscpack/src/osc/OscTypes.cpp; sourceTree = SOURCE_ROOT; };
		"52C0682C-0B24-41EC-BB61-BFCD4AF4EC5F" /* ofxOscParameterSync.cpp */ = {isa = PBXFileReference; explicitFileType = sourcecode.cpp.cpp; fileEncoding = 4; name = ofxOscParameterSync.cpp; path = ../../../addons/ofxOsc/src/ofxOscParameterSync.cpp; sourceTree = SOURCE_ROOT; };
		"5A1AED3A-C4A9-40EC-A56E-A65B11D1DAB3" /* ofxSyphonServerDirectory.mm */ = {isa = PBXFileReference; explicitFileType = sourcecode.cpp.objcpp; fileEncoding = 4; name = ofxSyphonServerDirectory.mm; path = ../../../addons/ofxSyphon/src/ofxSyphonServerDirectory.mm; sourceTree = SOURCE_ROOT; };
		"5BA44803-F4D4-4E49-AD5A-70BD74B5C4AE" /* ofxOscBundle.cpp */ = {isa = PBXFileReference; explicitFileType = sourcecode.cpp.cpp; fileEncoding = 4; name = ofxOscBundle.cpp; path = ../../../addons/ofxOsc/src/ofxOscBundle.cpp; sourceTree = SOURCE_ROOT; };
		"5C5C0B4F-81A3-43A2-84F9-188A9AAEC3D5" /* ofxOsc.h */ = {isa = PBXFileReference; explicitFileType = sourcecode.c.h; fileEncoding = 4; name = ofxOsc.h; path = ../../../addons/ofxOsc/src/ofxOsc.h; sourceTree = SOURCE_ROOT; };
		"5C742B95-C519-490D-98D6-935BECC1916E" /* OscPrintReceivedElements.h */ = {isa = PBXFileReference; explicitFileType = sourcecode.c.h; fileEncoding = 4; name = OscPrintReceivedElements.h; path = ../../../addons/ofxOsc/libs/oscpack/src/osc/OscPrintReceivedElements.h; sourceTree = SOURCE_ROOT; };
		"6267219F-6F53-4DB4-BB05-3D3AC286C421" /* UdpSocket.h */ = {isa = PBXFileReference; explicitFileType = sourcecode.c.h; fileEncoding = 4; name = UdpSocket.h; path = ../../../addons/ofxOsc/libs/oscpack/src/ip/UdpSocket.h; sourceTree = SOURCE_ROOT; };
		"629B93BF-9E56-4479-AFB1-811514DA252F" /* Syphon.framework */ = {isa = PBXFileReference; lastKnownFileType = wrapper.framework; name = Syphon.framework; path = ../../../addons/ofxSyphon/libs/Syphon/lib/osx/Syphon.framework; sourceTree = SOURCE_ROOT; };
		"6F79C666-7439-423E-9F72-25722C65139B" /* OscReceivedElements.h */ = {isa = PBXFileReference; explicitFileType = sourcecode.c.h; fileEncoding = 4; name = OscReceivedElements.h; path = ../../../addons/ofxOsc/libs/oscpack/src/osc/OscReceivedElements.h; sourceTree = SOURCE_ROOT; };
		"74E92AF4-473D-41BF-A41D-92178F9EA25D" /* ofxOscMessage.cpp */ = {isa = PBXFileReference; explicitFileType = sourcecode.cpp.cpp; fileEncoding = 4; name = ofxOscMessage.cpp; path = ../../../addons/ofxOsc/src/ofxOscMessage.cpp; sourceTree = SOURCE_ROOT; };
		"8417268D-C58B-4E42-A807-04AB66E7D015" /* ofxSyphonServer.mm */ = {isa = PBXFileReference; explicitFileType = sourcecode.cpp.objcpp; fileEncoding = 4; name = ofxSyphonServer.mm; path = ../../../addons/ofxSyphon/src/ofxSyphonServer.mm; sourceTree = SOURCE_ROOT; };
		"873C4E7F-6EE0-4C65-AD3C-4CA9757D7D47" /* ofxWebServer.cpp */ = {isa = PBXFileReference; explicitFileType = sourcecode.cpp.cpp; fileEncoding = 4; name = ofxWebServer.cpp; path = ../../../addons/ofxWebServer/src/ofxWebServer.cpp; sourceTree = SOURCE_ROOT; };
		"9298225F-78C0-4EEB-947A-A86A7FDFD7C4" /* OscException.h */ = {isa = PBXFileReference; explicitFileType = sourcecode.c.h; fileEncoding = 4; name = OscException.h; path = ../../../addons/ofxOsc/libs/oscpack/src/osc/OscException.h; sourceTree = SOURCE_ROOT; };
		"9BDF6FF3-C830-4E04-991A-889119E4DB4A" /* ofxOscSender.h */ = {isa = PBXFileReference; explicitFileType = sourcecode.c.h; fileEncoding = 4; name = ofxOscSender.h; path = ../../../addons/ofxOsc/src/ofxOscSender.h; sourceTree = SOURCE_ROOT; };
		"9C16A83F-4BF3-42D6-BEEF-E44B2C0AD57A" /* OscReceivedElements.cpp */ = {isa = PBXFileReference; explicitFileType = sourcecode.cpp.cpp; fileEncoding = 4; name = OscReceivedElements.cpp; path = ../../../addons/ofxOsc/libs/oscpack/src/osc/OscReceivedElements.cpp; sourceTree = SOURCE_ROOT; };
		"9CE19837-36EC-41C7-AB17-6F9951D14547" /* mongoose.h */ = {isa = PBXFileReference; explicitFileType = sourcecode.c.h; fileEncoding = 4; name = mongoose.h; path = ../../../addons/ofxWebServer/libs/mongoose.h; sourceTree = SOURCE_ROOT; };
		"AC4B70BA-0554-4211-BB72-E355C302E582" /* ofxSyphonServer.h */ = {isa = PBXFileReference; explicitFileType = sourcecode.c.h; fileEncoding = 4; name = ofxSyphonServer.h; path = ../../../addons/ofxSyphon/src/ofxSyphonServer.h; sourceTree = SOURCE_ROOT; };
		"B4844FB3-6148-4684-ABFA-FA425B27B941" /* IpEndpointName.cpp */ = {isa = PBXFileReference; explicitFileType = sourcecode.cpp.cpp; fileEncoding = 4; name = IpEndpointName.cpp; path = ../../../addons/ofxOsc/libs/oscpack/src/ip/IpEndpointName.cpp; sourceTree = SOURCE_ROOT; };
		"B4980070-96E3-490B-8C97-9F5CC30B8847" /* TimerListener.h */ = {isa = PBXFileReference; explicitFileType = sourcecode.c.h; fileEncoding = 4; name = TimerListener.h; path = ../../../addons/ofxOsc/libs/oscpack/src/ip/TimerListener.h; sourceTree = SOURCE_ROOT; };
		"B6D0A237-C8B1-4B06-91F0-A47FE70E5716" /* NetworkingUtils.h */ = {isa = PBXFileReference; explicitFileType = sourcecode.c.h; fileEncoding = 4; name = NetworkingUtils.h; path = ../../../addons/ofxOsc/libs/oscpack/src/ip/NetworkingUtils.h; sourceTree = SOURCE_ROOT; };
		"B9836D22-DD73-4A70-8237-B2C8E180DA2A" /* SyphonNameboundClient.m */ = {isa = PBXFileReference; explicitFileType = sourcecode.cpp.objcpp; fileEncoding = 4; name = SyphonNameboundClient.m; path = ../../../addons/ofxSyphon/libs/Syphon/src/SyphonNameboundClient.m; sourceTree = SOURCE_ROOT; };
		"BD2D472E-756C-4A25-9332-586BEFACF69F" /* ofxSyphonClient.h */ = {isa = PBXFileReference; explicitFileType = sourcecode.c.h; fileEncoding = 4; name = ofxSyphonClient.h; path = ../../../addons/ofxSyphon/src/ofxSyphonClient.h; sourceTree = SOURCE_ROOT; };
		"BDEB5059-A7B7-4F86-B6AB-A7C100A02812" /* ofxWSRequestHandler.cpp */ = {isa = PBXFileReference; explicitFileType = sourcecode.cpp.cpp; fileEncoding = 4; name = ofxWSRequestHandler.cpp; path = ../../../addons/ofxWebServer/src/ofxWSRequestHandler.cpp; sourceTree = SOURCE_ROOT; };
		"C44DBF1B-FB44-4622-AA8D-1A0FB95A70BA" /* SyphonNameboundClient.h */ = {isa = PBXFileReference; explicitFileType = sourcecode.c.h; fileEncoding = 4; name = SyphonNameboundClient.h; path = ../../../addons/ofxSyphon/libs/Syphon/src/SyphonNameboundClient.h; sourceTree = SOURCE_ROOT; };
		"CAF28EF8-BA49-4526-93A0-791ED51DD2DB" /* ofxSyphonNSObject.mm */ = {isa = PBXFileReference; explicitFileType = sourcecode.cpp.objcpp; fileEncoding = 4; name = ofxSyphonNSObject.mm; path = ../../../addons/ofxSyphon/src/ofxSyphonNSObject.mm; sourceTree = SOURCE_ROOT; };
		"D0579F59-12C5-4F2B-AFC1-DC0ABA71EA04" /* MessageMappingOscPacketListener.h */ = {isa = PBXFileReference; explicitFileType = sourcecode.c.h; fileEncoding = 4; name = MessageMappingOscPacketListener.h; path = ../../../addons/ofxOsc/libs/oscpack/src/osc/MessageMappingOscPacketListener.h; sourceTree = SOURCE_ROOT; };
		"D19F767E-A4EE-4ADF-A5B4-069998E6F677" /* ofxOscBundle.h */ = {isa = PBXFileReference; explicitFileType = sourcecode.c.h; fileEncoding = 4; name = ofxOscBundle.h; path = ../../../addons/ofxOsc/src/ofxOscBundle.h; sourceTree = SOURCE_ROOT; };
		"D8F248F8-8E81-4E99-83D2-3CEB9D29AC43" /* OscPacketListener.h */ = {isa = PBXFileReference; explicitFileType = sourcecode.c.h; fileEncoding = 4; name = OscPacketListener.h; path = ../../../addons/ofxOsc/libs/oscpack/src/osc/OscPacketListener.h; sourceTree = SOURCE_ROOT; };
		"DB025F59-9EB2-49A2-A6C0-2C3CFFEF50DF" /* ofxWebServer.h */ = {isa = PBXFileReference; explicitFileType = sourcecode.c.h; fileEncoding = 4; name = ofxWebServer.h; path = ../../../addons/ofxWebServer/src/ofxWebServer.h; sourceTree = SOURCE_ROOT; };
		"DC1398B8-7D98-467A-99AB-E99843D0D73C" /* OscTypes.h */ = {isa = PBXFileReference; explicitFileType = sourcecode.c.h; fileEncoding = 4; name = OscTypes.h; path = ../../../addons/ofxOsc/libs/oscpack/src/osc/OscTypes.h; sourceTree = SOURCE_ROOT; };
		"DCFBDC53-1589-4FBD-BAF7-B485C0FADD2C" /* UdpSocket.cpp */ = {isa = PBXFileReference; explicitFileType = sourcecode.cpp.cpp; fileEncoding = 4; name = UdpSocket.cpp; path = ../../../addons/ofxOsc/libs/oscpack/src/ip/posix/UdpSocket.cpp; sourceTree = SOURCE_ROOT; };
		"E208F40D-2970-4B96-AD80-29C8943B2F82" /* PacketListener.h */ = {isa = PBXFileReference; explicitFileType = sourcecode.c.h; fileEncoding = 4; name = PacketListener.h; path = ../../../addons/ofxOsc/libs/oscpack/src/ip/PacketListener.h; sourceTree = SOURCE_ROOT; };
		"E34E9365-C8C1-4EBC-A6BE-D2BCEE43B936" /* ofxOscMessage.h */ = {isa = PBXFileReference; explicitFileType = sourcecode.c.h; fileEncoding = 4; name = ofxOscMessage.h; path = ../../../addons/ofxOsc/src/ofxOscMessage.h; sourceTree = SOURCE_ROOT; };
		E4B69B5B0A3A1756003C02F2 /* 4-LightLeaksDebug.app */ = {isa = PBXFileReference; explicitFileType = wrapper.application; includeInIndex = 0; path = "4-LightLeaksDebug.app"; sourceTree = BUILT_PRODUCTS_DIR; };
		E4B69E1D0A3A1BDC003C02F2 /* main.cpp */ = {isa = PBXFileReference; fileEncoding = 4; lastKnownFileType = sourcecode.cpp.cpp; name = main.cpp; path = src/main.cpp; sourceTree = SOURCE_ROOT; };
		E4B6FCAD0C3E899E008CF71C /* openFrameworks-Info.plist */ = {isa = PBXFileReference; fileEncoding = 4; lastKnownFileType = text.plist.xml; path = "openFrameworks-Info.plist"; sourceTree = "<group>"; };
		E4EB6923138AFD0F00A09F29 /* Project.xcconfig */ = {isa = PBXFileReference; fileEncoding = 4; lastKnownFileType = text.xcconfig; path = Project.xcconfig; sourceTree = "<group>"; };
		"E7E11B70-A54F-4D30-ADA0-2DBBC7E836AE" /* OscPrintReceivedElements.cpp */ = {isa = PBXFileReference; explicitFileType = sourcecode.cpp.cpp; fileEncoding = 4; name = OscPrintReceivedElements.cpp; path = ../../../addons/ofxOsc/libs/oscpack/src/osc/OscPrintReceivedElements.cpp; sourceTree = SOURCE_ROOT; };
		"ECE1712F-B6B9-45A1-9440-4FAA621532B9" /* ofxWSRequestHandler.h */ = {isa = PBXFileReference; explicitFileType = sourcecode.c.h; fileEncoding = 4; name = ofxWSRequestHandler.h; path = ../../../addons/ofxWebServer/src/ofxWSRequestHandler.h; sourceTree = SOURCE_ROOT; };
		"F13C9D2A-45CE-4719-908F-823290333B1D" /* ofxSyphonServerDirectory.h */ = {isa = PBXFileReference; explicitFileType = sourcecode.c.h; fileEncoding = 4; name = ofxSyphonServerDirectory.h; path = ../../../addons/ofxSyphon/src/ofxSyphonServerDirectory.h; sourceTree = SOURCE_ROOT; };
		"F8494E28-8648-4CAC-8122-DB6D2FB97232" /* ofxSyphonNSObject.hpp */ = {isa = PBXFileReference; explicitFileType = sourcecode.c.h; fileEncoding = 4; name = ofxSyphonNSObject.hpp; path = ../../../addons/ofxSyphon/src/ofxSyphonNSObject.hpp; sourceTree = SOURCE_ROOT; };
		"FF6AA6DD-D2B9-4F35-8B2C-26956C5BF02D" /* OscOutboundPacketStream.cpp */ = {isa = PBXFileReference; explicitFileType = sourcecode.cpp.cpp; fileEncoding = 4; name = OscOutboundPacketStream.cpp; path = ../../../addons/ofxOsc/libs/oscpack/src/osc/OscOutboundPacketStream.cpp; sourceTree = SOURCE_ROOT; };
/* End PBXFileReference section */

/* Begin PBXFrameworksBuildPhase section */
		E4B69B590A3A1756003C02F2 /* Frameworks */ = {
			isa = PBXFrameworksBuildPhase;
			buildActionMask = 2147483647;
			files = (
				"82E21F44-955D-4967-AAA2-27F69114EC1E" /* Syphon.framework in Frameworks */,
			);
			runOnlyForDeploymentPostprocessing = 0;
		};
/* End PBXFrameworksBuildPhase section */

/* Begin PBXGroup section */
		"06922A55-FE66-4B41-AA6C-32B6177F7DD3" /* src */ = {
			isa = PBXGroup;
			children = (
				"A699A436-CB78-4CFE-A1A2-AE01CB44E085" /* ip */,
				"A2313D11-F907-4A6F-90A1-EB083FE99C19" /* osc */,
			);
			name = src;
			path = ../../../addons/ofxOsc/libs/oscpack/src;
			sourceTree = SOURCE_ROOT;
		};
		"34C2EDD0-5C17-4D39-A88B-DECAFAB7DC19" /* src */ = {
			isa = PBXGroup;
			children = (
				"BDEB5059-A7B7-4F86-B6AB-A7C100A02812" /* ofxWSRequestHandler.cpp */,
				"ECE1712F-B6B9-45A1-9440-4FAA621532B9" /* ofxWSRequestHandler.h */,
				"873C4E7F-6EE0-4C65-AD3C-4CA9757D7D47" /* ofxWebServer.cpp */,
				"DB025F59-9EB2-49A2-A6C0-2C3CFFEF50DF" /* ofxWebServer.h */,
			);
			name = src;
			path = ../../../addons/ofxWebServer/src;
			sourceTree = SOURCE_ROOT;
		};
		"391BD4F9-581A-4F5F-82C1-9250D0130375" /* src */ = {
			isa = PBXGroup;
			children = (
				"5C5C0B4F-81A3-43A2-84F9-188A9AAEC3D5" /* ofxOsc.h */,
				"42500AE9-7E2F-44E2-AC93-75AFFC67AED7" /* ofxOscArg.h */,
				"5BA44803-F4D4-4E49-AD5A-70BD74B5C4AE" /* ofxOscBundle.cpp */,
				"D19F767E-A4EE-4ADF-A5B4-069998E6F677" /* ofxOscBundle.h */,
				"74E92AF4-473D-41BF-A41D-92178F9EA25D" /* ofxOscMessage.cpp */,
				"E34E9365-C8C1-4EBC-A6BE-D2BCEE43B936" /* ofxOscMessage.h */,
				"52C0682C-0B24-41EC-BB61-BFCD4AF4EC5F" /* ofxOscParameterSync.cpp */,
				"45CFE1F6-85FF-4497-9446-1E9DBBA45FCE" /* ofxOscParameterSync.h */,
				"309217CB-9565-4C07-ABB9-21D4C38D3B10" /* ofxOscReceiver.cpp */,
				"31A932B4-98E7-4AAA-9BBB-6F1B3EBB7AEA" /* ofxOscReceiver.h */,
				"2E28B245-3AAA-47C5-9E51-25CF5A6BEC91" /* ofxOscSender.cpp */,
				"9BDF6FF3-C830-4E04-991A-889119E4DB4A" /* ofxOscSender.h */,
			);
			name = src;
			path = ../../../addons/ofxOsc/src;
			sourceTree = SOURCE_ROOT;
		};
		"43606CCF-6D6C-4C33-A28B-87AC10563F88" /* libs */ = {
			isa = PBXGroup;
			children = (
				"004C3EF0-3A4C-4F00-82C5-34F8114AB79D" /* mongoose.c */,
				"9CE19837-36EC-41C7-AB17-6F9951D14547" /* mongoose.h */,
			);
			name = libs;
			path = ../../../addons/ofxWebServer/libs;
			sourceTree = SOURCE_ROOT;
		};
		"6A90C8A1-65DB-4F77-B382-19FEF8A994BE" /* ofxWebServer */ = {
			isa = PBXGroup;
			children = (
				"43606CCF-6D6C-4C33-A28B-87AC10563F88" /* libs */,
				"34C2EDD0-5C17-4D39-A88B-DECAFAB7DC19" /* src */,
			);
			name = ofxWebServer;
			path = ../../../addons/ofxWebServer;
			sourceTree = SOURCE_ROOT;
		};
		"77C33E17-F0C7-4669-BBBB-FAE3A3E21CA9" /* osx */ = {
			isa = PBXGroup;
			children = (
				"629B93BF-9E56-4479-AFB1-811514DA252F" /* Syphon.framework */,
			);
			name = osx;
			sourceTree = SOURCE_ROOT;
		};
		"8ECFE975-165A-41F1-8D1A-D3D1DFFD2F7D" /* src */ = {
			isa = PBXGroup;
			children = (
				"312EF02E-42DA-481F-A1C0-E5A7F2F1C36E" /* ofxSyphon.h */,
				"BD2D472E-756C-4A25-9332-586BEFACF69F" /* ofxSyphonClient.h */,
				"4A1367CB-EF72-42D6-A72D-D0BB8E97D0EC" /* ofxSyphonClient.mm */,
				"F8494E28-8648-4CAC-8122-DB6D2FB97232" /* ofxSyphonNSObject.hpp */,
				"CAF28EF8-BA49-4526-93A0-791ED51DD2DB" /* ofxSyphonNSObject.mm */,
				"AC4B70BA-0554-4211-BB72-E355C302E582" /* ofxSyphonServer.h */,
				"8417268D-C58B-4E42-A807-04AB66E7D015" /* ofxSyphonServer.mm */,
				"F13C9D2A-45CE-4719-908F-823290333B1D" /* ofxSyphonServerDirectory.h */,
				"5A1AED3A-C4A9-40EC-A56E-A65B11D1DAB3" /* ofxSyphonServerDirectory.mm */,
			);
			name = src;
			path = ../../../addons/ofxSyphon/src;
			sourceTree = SOURCE_ROOT;
		};
		"90A25626-F079-4029-B7B0-FE3AC88B36EB" /* src */ = {
			isa = PBXGroup;
			children = (
				"C44DBF1B-FB44-4622-AA8D-1A0FB95A70BA" /* SyphonNameboundClient.h */,
				"B9836D22-DD73-4A70-8237-B2C8E180DA2A" /* SyphonNameboundClient.m */,
			);
			name = src;
			path = ../../../addons/ofxSyphon/libs/Syphon/src;
			sourceTree = SOURCE_ROOT;
		};
		"A2313D11-F907-4A6F-90A1-EB083FE99C19" /* osc */ = {
			isa = PBXGroup;
			children = (
				"D0579F59-12C5-4F2B-AFC1-DC0ABA71EA04" /* MessageMappingOscPacketListener.h */,
				"9298225F-78C0-4EEB-947A-A86A7FDFD7C4" /* OscException.h */,
				"4BAA96EF-6FC4-4479-B008-00291266FE69" /* OscHostEndianness.h */,
				"FF6AA6DD-D2B9-4F35-8B2C-26956C5BF02D" /* OscOutboundPacketStream.cpp */,
				"16879EF4-01A9-4281-9A42-B359FFD4EAD2" /* OscOutboundPacketStream.h */,
				"D8F248F8-8E81-4E99-83D2-3CEB9D29AC43" /* OscPacketListener.h */,
				"E7E11B70-A54F-4D30-ADA0-2DBBC7E836AE" /* OscPrintReceivedElements.cpp */,
				"5C742B95-C519-490D-98D6-935BECC1916E" /* OscPrintReceivedElements.h */,
				"9C16A83F-4BF3-42D6-BEEF-E44B2C0AD57A" /* OscReceivedElements.cpp */,
				"6F79C666-7439-423E-9F72-25722C65139B" /* OscReceivedElements.h */,
				"4D80CB30-4B0D-4791-AAB2-5606BFDC7F7B" /* OscTypes.cpp */,
				"DC1398B8-7D98-467A-99AB-E99843D0D73C" /* OscTypes.h */,
			);
			name = osc;
			path = ../../../addons/ofxOsc/libs/oscpack/src/osc;
			sourceTree = SOURCE_ROOT;
		};
		"A3ADBBD8-25D9-46E2-B621-855112251007" /* ofxOsc */ = {
			isa = PBXGroup;
			children = (
				"AE554022-3008-4B71-876E-1FBA9D336B8E" /* libs */,
				"391BD4F9-581A-4F5F-82C1-9250D0130375" /* src */,
			);
			name = ofxOsc;
			path = ../../../addons/ofxOsc;
			sourceTree = SOURCE_ROOT;
		};
		"A5CE7275-623C-4EAC-BC8C-3A5ED16FC9F0" /* posix */ = {
			isa = PBXGroup;
			children = (
				"0DBA92CB-9AA7-4DE0-BAFD-8C3BA51330CC" /* NetworkingUtils.cpp */,
				"DCFBDC53-1589-4FBD-BAF7-B485C0FADD2C" /* UdpSocket.cpp */,
			);
			name = posix;
			path = ../../../addons/ofxOsc/libs/oscpack/src/ip/posix;
			sourceTree = SOURCE_ROOT;
		};
		"A699A436-CB78-4CFE-A1A2-AE01CB44E085" /* ip */ = {
			isa = PBXGroup;
			children = (
				"B4844FB3-6148-4684-ABFA-FA425B27B941" /* IpEndpointName.cpp */,
				"15DD1077-569E-4F0B-A4E9-3E5569B96B7D" /* IpEndpointName.h */,
				"B6D0A237-C8B1-4B06-91F0-A47FE70E5716" /* NetworkingUtils.h */,
				"E208F40D-2970-4B96-AD80-29C8943B2F82" /* PacketListener.h */,
				"B4980070-96E3-490B-8C97-9F5CC30B8847" /* TimerListener.h */,
				"6267219F-6F53-4DB4-BB05-3D3AC286C421" /* UdpSocket.h */,
				"A5CE7275-623C-4EAC-BC8C-3A5ED16FC9F0" /* posix */,
			);
			name = ip;
			path = ../../../addons/ofxOsc/libs/oscpack/src/ip;
			sourceTree = SOURCE_ROOT;
		};
		"AE554022-3008-4B71-876E-1FBA9D336B8E" /* libs */ = {
			isa = PBXGroup;
			children = (
				"F67AF8BE-85BD-440C-8DC2-AD4753F619C7" /* oscpack */,
			);
			name = libs;
			path = ../../../addons/ofxOsc/libs;
			sourceTree = SOURCE_ROOT;
		};
		"BA72B72E-27A8-4CD7-8CF3-1DD29F9A7AC2" /* libs */ = {
			isa = PBXGroup;
			children = (
				"D1F5E5E7-3649-476A-9DE2-6874FAA8B12B" /* Syphon */,
			);
			name = libs;
			path = ../../../addons/ofxSyphon/libs;
			sourceTree = SOURCE_ROOT;
		};
		BB4B014C10F69532006C3DED /* addons */ = {
			isa = PBXGroup;
			children = (
				"A3ADBBD8-25D9-46E2-B621-855112251007" /* ofxOsc */,
				"BD84D0C6-9F0D-446E-B081-A38374C6BA22" /* ofxSyphon */,
				"6A90C8A1-65DB-4F77-B382-19FEF8A994BE" /* ofxWebServer */,
			);
			name = addons;
			path = ../../../addons;
			sourceTree = "<group>";
		};
		"BD84D0C6-9F0D-446E-B081-A38374C6BA22" /* ofxSyphon */ = {
			isa = PBXGroup;
			children = (
				"BA72B72E-27A8-4CD7-8CF3-1DD29F9A7AC2" /* libs */,
				"8ECFE975-165A-41F1-8D1A-D3D1DFFD2F7D" /* src */,
			);
			name = ofxSyphon;
			path = ../../../addons/ofxSyphon;
			sourceTree = SOURCE_ROOT;
		};
		"D1F5E5E7-3649-476A-9DE2-6874FAA8B12B" /* Syphon */ = {
			isa = PBXGroup;
			children = (
				"90A25626-F079-4029-B7B0-FE3AC88B36EB" /* src */,
				"EB41BADB-CD2E-4D06-AA85-5CF60B7367B9" /* lib */,
			);
			name = Syphon;
			path = ../../../addons/ofxSyphon/libs/Syphon;
			sourceTree = SOURCE_ROOT;
		};
		E4B69B4A0A3A1720003C02F2 = {
			isa = PBXGroup;
			children = (
				191CD6FA2847E21E0085CBB6 /* of.entitlements */,
				E4B6FCAD0C3E899E008CF71C /* openFrameworks-Info.plist */,
				E4EB6923138AFD0F00A09F29 /* Project.xcconfig */,
				E4B69E1C0A3A1BDC003C02F2 /* src */,
				191EF70929D778A400F35F26 /* openFrameworks */,
				BB4B014C10F69532006C3DED /* addons */,
				E4B69B5B0A3A1756003C02F2 /* 4-LightLeaksDebug.app */,
			);
			sourceTree = "<group>";
		};
		E4B69E1C0A3A1BDC003C02F2 /* src */ = {
			isa = PBXGroup;
			children = (
				271F300A2C155A0100D86058 /* ofAutoImage.h */,
				271F30092C155A0100D86058 /* ofAutoShader.h */,
				E4B69E1D0A3A1BDC003C02F2 /* main.cpp */,
			);
			path = src;
			sourceTree = SOURCE_ROOT;
		};
		"EB41BADB-CD2E-4D06-AA85-5CF60B7367B9" /* lib */ = {
			isa = PBXGroup;
			children = (
				"77C33E17-F0C7-4669-BBBB-FAE3A3E21CA9" /* osx */,
			);
			name = lib;
			sourceTree = SOURCE_ROOT;
		};
		"F67AF8BE-85BD-440C-8DC2-AD4753F619C7" /* oscpack */ = {
			isa = PBXGroup;
			children = (
				"06922A55-FE66-4B41-AA6C-32B6177F7DD3" /* src */,
			);
			name = oscpack;
			path = ../../../addons/ofxOsc/libs/oscpack;
			sourceTree = SOURCE_ROOT;
		};
/* End PBXGroup section */

/* Begin PBXNativeTarget section */
		E4B69B5A0A3A1756003C02F2 /* 4-LightLeaks */ = {
			isa = PBXNativeTarget;
			buildConfigurationList = E4B69B5F0A3A1757003C02F2 /* Build configuration list for PBXNativeTarget "4-LightLeaks" */;
			buildPhases = (
				E42962A92163ECCD00A6A9E2 /* Run Script — Compile OF */,
				E4B69B580A3A1756003C02F2 /* Sources */,
				E4B69B590A3A1756003C02F2 /* Frameworks */,
				E4C2427710CC5ABF004149E2 /* CopyFiles */,
				E4A5B60F29BAAAE400C2D356 /* CopyFiles */,
				19B789C429E5AB4A0082E9B8 /* ShellScript */,
			);
			buildRules = (
			);
			dependencies = (
			);
			name = "4-LightLeaks";
			productName = myOFApp;
			productReference = E4B69B5B0A3A1756003C02F2 /* 4-LightLeaksDebug.app */;
			productType = "com.apple.product-type.application";
		};
/* End PBXNativeTarget section */

/* Begin PBXProject section */
		E4B69B4C0A3A1720003C02F2 /* Project object */ = {
			isa = PBXProject;
			attributes = {
				LastUpgradeCheck = 0600;
			};
			buildConfigurationList = E4B69B4D0A3A1720003C02F2 /* Build configuration list for PBXProject "4-LightLeaks" */;
			compatibilityVersion = "Xcode 3.2";
			developmentRegion = en;
			hasScannedForEncodings = 0;
			knownRegions = (
				en,
				Base,
			);
			mainGroup = E4B69B4A0A3A1720003C02F2;
			productRefGroup = E4B69B4A0A3A1720003C02F2;
			projectDirPath = "";
			projectRoot = "";
			targets = (
				E4B69B5A0A3A1756003C02F2 /* 4-LightLeaks */,
			);
		};
/* End PBXProject section */

/* Begin PBXShellScriptBuildPhase section */
		19B789C429E5AB4A0082E9B8 /* ShellScript */ = {
			isa = PBXShellScriptBuildPhase;
			buildActionMask = 2147483647;
			files = (
			);
			inputFileListPaths = (
			);
			inputPaths = (
			);
			outputFileListPaths = (
			);
			outputPaths = (
			);
			runOnlyForDeploymentPostprocessing = 0;
			shellPath = /bin/sh;
			shellScript = "\"$OF_PATH/scripts/osx/xcode_project.sh\"\n";
			showEnvVarsInLog = 0;
		};
		E42962A92163ECCD00A6A9E2 /* Run Script — Compile OF */ = {
			isa = PBXShellScriptBuildPhase;
			alwaysOutOfDate = 1;
			buildActionMask = 2147483647;
			files = (
			);
			inputPaths = (
			);
			name = "Run Script — Compile OF";
			outputPaths = (
			);
			runOnlyForDeploymentPostprocessing = 0;
			shellPath = /bin/sh;
			shellScript = "echo \"💾 Compiling Openframeworks\"\nxcodebuild -project \"$OF_PATH/libs/openFrameworksCompiled/project/osx/openFrameworksLib.xcodeproj\" -target openFrameworks -configuration \"${CONFIGURATION}\"  CLANG_CXX_LANGUAGE_STANDARD=$CLANG_CXX_LANGUAGE_STANDARD MACOSX_DEPLOYMENT_TARGET=$MACOSX_DEPLOYMENT_TARGET GCC_PREPROCESSOR_DEFINITIONS=$USER_PREPROCESSOR_DEFINITIONS\n";
			showEnvVarsInLog = 0;
		};
/* End PBXShellScriptBuildPhase section */

/* Begin PBXSourcesBuildPhase section */
		E4B69B580A3A1756003C02F2 /* Sources */ = {
			isa = PBXSourcesBuildPhase;
			buildActionMask = 2147483647;
			files = (
				E4B69E200A3A1BDC003C02F2 /* main.cpp in Sources */,
				"AD2032EA-E4B9-46EC-80D1-7F6D5875D88A" /* IpEndpointName.cpp in Sources */,
				"5789DA6C-DB92-4437-8210-446914C87EA2" /* NetworkingUtils.cpp in Sources */,
				"E873606B-796A-48A6-B2C8-C2DD99E66848" /* UdpSocket.cpp in Sources */,
				"F63C8D21-82A2-4884-A8A4-5FCD1E296B96" /* OscOutboundPacketStream.cpp in Sources */,
				"681378FA-7619-44D9-BE53-11C2AF58F514" /* OscPrintReceivedElements.cpp in Sources */,
				"CEE8AAA2-DDE0-4095-8FDC-FDB639633302" /* OscReceivedElements.cpp in Sources */,
				"65A18608-A328-41B7-B3F5-32E7E10D803B" /* OscTypes.cpp in Sources */,
				"F6796EEB-2403-41AE-A04B-FE53E561A756" /* ofxOscBundle.cpp in Sources */,
				"DE93F099-EC61-4B10-AB0A-318DEFB58F77" /* ofxOscMessage.cpp in Sources */,
				"8E7DAA90-6050-49DA-BE8E-CCED36940807" /* ofxOscParameterSync.cpp in Sources */,
				"7267BF3D-330D-439F-852F-F3FDE3EA4946" /* ofxOscReceiver.cpp in Sources */,
				"F48F4716-0613-4887-A99C-D278701CC556" /* ofxOscSender.cpp in Sources */,
				"57F86406-36C9-403D-ACAD-0EDBA8574C02" /* SyphonNameboundClient.m in Sources */,
				"201B5D3B-50E8-4E42-B9CD-03301630C2E6" /* ofxSyphonClient.mm in Sources */,
				"41695530-BDCE-4A76-ADBC-E8089E355164" /* ofxSyphonNSObject.mm in Sources */,
				"3754C2D9-BB54-4B38-B261-77DC70FF69ED" /* ofxSyphonServer.mm in Sources */,
				"6A978B6E-977A-4C05-84EF-2CE97A1CC84C" /* ofxSyphonServerDirectory.mm in Sources */,
				"A7C73682-46E3-4ED9-9061-B7FF6AD617FF" /* mongoose.c in Sources */,
				"B7A7181C-1A94-43D8-873E-A9A28C880967" /* ofxWSRequestHandler.cpp in Sources */,
				"7EDAC918-AE03-4CE9-AE72-2D96AE011023" /* ofxWebServer.cpp in Sources */,
			);
			runOnlyForDeploymentPostprocessing = 0;
		};
/* End PBXSourcesBuildPhase section */

/* Begin XCBuildConfiguration section */
		E4B69B4E0A3A1720003C02F2 /* Debug */ = {
			isa = XCBuildConfiguration;
			baseConfigurationReference = E4EB6923138AFD0F00A09F29 /* Project.xcconfig */;
			buildSettings = {
				CODE_SIGN_ENTITLEMENTS = of.entitlements;
				COPY_PHASE_STRIP = NO;
				ENABLE_TESTABILITY = YES;
				GCC_OPTIMIZATION_LEVEL = 0;
				GCC_WARN_UNUSED_VARIABLE = NO;
				HEADER_SEARCH_PATHS = (
					"$(OF_CORE_HEADERS)",
					src,
				);
				OTHER_CPLUSPLUSFLAGS = "-D__MACOSX_CORE__";
			};
			name = Debug;
		};
		E4B69B4F0A3A1720003C02F2 /* Release */ = {
			isa = XCBuildConfiguration;
			baseConfigurationReference = E4EB6923138AFD0F00A09F29 /* Project.xcconfig */;
			buildSettings = {
				CODE_SIGN_ENTITLEMENTS = of.entitlements;
				COPY_PHASE_STRIP = YES;
				GCC_OPTIMIZATION_LEVEL = 3;
				GCC_UNROLL_LOOPS = YES;
				HEADER_SEARCH_PATHS = (
					"$(OF_CORE_HEADERS)",
					src,
				);
				OTHER_CPLUSPLUSFLAGS = "-D__MACOSX_CORE__";
			};
			name = Release;
		};
		E4B69B600A3A1757003C02F2 /* Debug */ = {
			isa = XCBuildConfiguration;
			baseConfigurationReference = E4EB6923138AFD0F00A09F29 /* Project.xcconfig */;
			buildSettings = {
				ARCHS = "$(ARCHS_STANDARD)";
				COPY_PHASE_STRIP = NO;
				FRAMEWORK_SEARCH_PATHS = (
					"$(inherited)",
					../../../addons/ofxSyphon/libs/Syphon/lib/osx,
				);
				GCC_DYNAMIC_NO_PIC = NO;
				HEADER_SEARCH_PATHS = (
					"$(OF_CORE_HEADERS)",
					src,
					src,
					../../../addons/ofxOsc/libs,
					../../../addons/ofxOsc/libs/oscpack,
					../../../addons/ofxOsc/libs/oscpack/src,
					../../../addons/ofxOsc/libs/oscpack/src/ip,
					../../../addons/ofxOsc/libs/oscpack/src/ip/posix,
					../../../addons/ofxOsc/libs/oscpack/src/osc,
					../../../addons/ofxOsc/src,
					../../../addons/ofxSyphon/libs,
					../../../addons/ofxSyphon/libs/Syphon,
					../../../addons/ofxSyphon/libs/Syphon/lib,
					../../../addons/ofxSyphon/libs/Syphon/lib/osx,
					../../../addons/ofxSyphon/libs/Syphon/src,
					../../../addons/ofxSyphon/src,
					../../../addons/ofxWebServer/libs,
					../../../addons/ofxWebServer/src,
				);
				LIBRARY_SEARCH_PATHS = "$(inherited)";
				OTHER_CFLAGS = "-F../../../addons/ofxSyphon/libs/Syphon/lib/osx/";
				OTHER_LDFLAGS = (
					"$(OF_CORE_LIBS)",
					"$(OF_CORE_FRAMEWORKS)",
					"$(LIB_OF_DEBUG)",
					"-F../../../addons/ofxSyphon/libs/Syphon/lib/osx/",
					"-framework",
					Syphon,
				);
			};
			name = Debug;
		};
		E4B69B610A3A1757003C02F2 /* Release */ = {
			isa = XCBuildConfiguration;
			baseConfigurationReference = E4EB6923138AFD0F00A09F29 /* Project.xcconfig */;
			buildSettings = {
				ARCHS = "$(ARCHS_STANDARD)";
				COPY_PHASE_STRIP = YES;
				FRAMEWORK_SEARCH_PATHS = (
					"$(inherited)",
					../../../addons/ofxSyphon/libs/Syphon/lib/osx,
				);
				HEADER_SEARCH_PATHS = (
					"$(OF_CORE_HEADERS)",
					src,
					src,
					../../../addons/ofxOsc/libs,
					../../../addons/ofxOsc/libs/oscpack,
					../../../addons/ofxOsc/libs/oscpack/src,
					../../../addons/ofxOsc/libs/oscpack/src/ip,
					../../../addons/ofxOsc/libs/oscpack/src/ip/posix,
					../../../addons/ofxOsc/libs/oscpack/src/osc,
					../../../addons/ofxOsc/src,
					../../../addons/ofxSyphon/libs,
					../../../addons/ofxSyphon/libs/Syphon,
					../../../addons/ofxSyphon/libs/Syphon/lib,
					../../../addons/ofxSyphon/libs/Syphon/lib/osx,
					../../../addons/ofxSyphon/libs/Syphon/src,
					../../../addons/ofxSyphon/src,
					../../../addons/ofxWebServer/libs,
					../../../addons/ofxWebServer/src,
				);
				LIBRARY_SEARCH_PATHS = "$(inherited)";
				OTHER_CFLAGS = "-F../../../addons/ofxSyphon/libs/Syphon/lib/osx/";
				OTHER_LDFLAGS = (
					"$(OF_CORE_LIBS)",
					"$(OF_CORE_FRAMEWORKS)",
					"$(LIB_OF)",
					"-F../../../addons/ofxSyphon/libs/Syphon/lib/osx/",
					"-framework",
					Syphon,
				);
				baseConfigurationReference = E4EB6923138AFD0F00A09F29;
			};
			name = Release;
		};
/* End XCBuildConfiguration section */

/* Begin XCConfigurationList section */
		E4B69B4D0A3A1720003C02F2 /* Build configuration list for PBXProject "4-LightLeaks" */ = {
			isa = XCConfigurationList;
			buildConfigurations = (
				E4B69B4E0A3A1720003C02F2 /* Debug */,
				E4B69B4F0A3A1720003C02F2 /* Release */,
			);
			defaultConfigurationIsVisible = 0;
			defaultConfigurationName = Release;
		};
		E4B69B5F0A3A1757003C02F2 /* Build configuration list for PBXNativeTarget "4-LightLeaks" */ = {
			isa = XCConfigurationList;
			buildConfigurations = (
				E4B69B600A3A1757003C02F2 /* Debug */,
				E4B69B610A3A1757003C02F2 /* Release */,
			);
			defaultConfigurationIsVisible = 0;
			defaultConfigurationName = Release;
		};
/* End XCConfigurationList section */
	};
	rootObject = E4B69B4C0A3A1720003C02F2 /* Project object */;
}
